
Microsoft Visual Studio Solution File, Format Version 12.00
# Visual Studio Version 17
VisualStudioVersion = 17.7.34024.191
MinimumVisualStudioVersion = 10.0.40219.1
Project("{FAE04EC0-301F-11D3-BF4B-00C04F79EFBC}") = "Parcial-Ejercicio1", "Parcial-Ejercicio1\Parcial-Ejercicio1.csproj", "{4F135DBE-5B9C-4B85-9E11-4EA687F411DF}"
EndProject
Global
	GlobalSection(SolutionConfigurationPlatforms) = preSolution
		Debug|Any CPU = Debug|Any CPU
		Release|Any CPU = Release|Any CPU
	EndGlobalSection
	GlobalSection(ProjectConfigurationPlatforms) = postSolution
		{4F135DBE-5B9C-4B85-9E11-4EA687F411DF}.Debug|Any CPU.ActiveCfg = Debug|Any CPU
		{4F135DBE-5B9C-4B85-9E11-4EA687F411DF}.Debug|Any CPU.Build.0 = Debug|Any CPU
		{4F135DBE-5B9C-4B85-9E11-4EA687F411DF}.Release|Any CPU.ActiveCfg = Release|Any CPU
		{4F135DBE-5B9C-4B85-9E11-4EA687F411DF}.Release|Any CPU.Build.0 = Release|Any CPU
	EndGlobalSection
	GlobalSection(SolutionProperties) = preSolution
		HideSolutionNode = FALSE
	EndGlobalSection
	GlobalSection(ExtensibilityGlobals) = postSolution
		SolutionGuid = {B49AF467-0F7C-43F9-9773-E90B1E727C6D}
	EndGlobalSection
EndGlobal
